
Microsoft Visual Studio Solution File, Format Version 12.00
# Visual Studio Version 16
VisualStudioVersion = 16.0.31911.196
MinimumVisualStudioVersion = 10.0.40219.1
Project("{FAE04EC0-301F-11D3-BF4B-00C04F79EFBC}") = "TesteGit", "TesteGit\TesteGit.csproj", "{7A863503-B446-4524-B364-1EF0CC9945F4}"
EndProject
Global
	GlobalSection(SolutionConfigurationPlatforms) = preSolution
		Debug|Any CPU = Debug|Any CPU
		Release|Any CPU = Release|Any CPU
	EndGlobalSection
	GlobalSection(ProjectConfigurationPlatforms) = postSolution
		{7A863503-B446-4524-B364-1EF0CC9945F4}.Debug|Any CPU.ActiveCfg = Debug|Any CPU
		{7A863503-B446-4524-B364-1EF0CC9945F4}.Debug|Any CPU.Build.0 = Debug|Any CPU
		{7A863503-B446-4524-B364-1EF0CC9945F4}.Release|Any CPU.ActiveCfg = Release|Any CPU
		{7A863503-B446-4524-B364-1EF0CC9945F4}.Release|Any CPU.Build.0 = Release|Any CPU
	EndGlobalSection
	GlobalSection(SolutionProperties) = preSolution
		HideSolutionNode = FALSE
	EndGlobalSection
	GlobalSection(ExtensibilityGlobals) = postSolution
		SolutionGuid = {7C9F8826-B80E-4476-9C5D-47A074F9A009}
	EndGlobalSection
EndGlobal
